# This file is autogenerated, do not edit; changes may be undone by the next 'dep ensure'.


[[projects]]
  digest = "1:70e76895935bcd5f8475eef55f884807e83a865bdc2228f4096df59d62885a8b"
  name = "git-devops.totvs.com.br/ascenty/dtos"
  packages = ["."]
  pruneopts = "UT"
  revision = "2b522dd844f195b86502c8dd4e09d2c65ba37056"
  version = "v0.0.1"

[[projects]]
  digest = "1:1b79ac02fd21f7e6f7d678514a14c8cfd943887f05f77ad76fb4bd7d0bab856c"
  name = "git-devops.totvs.com.br/ascenty/go-cache"
  packages = [
    ".",
    "redis",
  ]
  pruneopts = "UT"
  revision = "6b8bd8aa502fd4ba91cd74866972eb370297b607"
  version = "v0.0.1"

[[projects]]
  digest = "1:99f43634288ca21c3e207b4280ab00355da5fdff6c778f789364e3a0c7d30256"
  name = "git-devops.totvs.com.br/ascenty/go-etcd"
  packages = ["."]
  pruneopts = "UT"
  revision = "7fde2703c0295a7044e46d761631f800b34ccd7f"
  version = "v0.0.1"

[[projects]]
  digest = "1:b06dee8535625b2eaa867c6cfbd94dfd93ebc2c351fb636e71c9e5c5eda59ae4"
  name = "git-devops.totvs.com.br/ascenty/go-log"
  packages = ["."]
  pruneopts = "UT"
  revision = "01ed239c6b40425681ae19be77d56a108b92735c"
  version = "v0.0.1"

[[projects]]
  digest = "1:527b6654db976516bdec7ef20587319b57a4ac59408cb5fc7341055e2a4bfcc5"
  name = "git-devops.totvs.com.br/ascenty/go-singleton"
  packages = ["."]
  pruneopts = "UT"
  revision = "dca309c1df8b6791b587ea569f73048ec3b7d476"
  version = "v0.0.1"

[[projects]]
  digest = "1:e656dcb13da917c78cbcbd48cc146fcf146ef8ec65623d702b2d02b949520dc1"
  name = "git-devops.totvs.com.br/ascenty/johdin"
  packages = ["."]
  pruneopts = "UT"
  revision = "f44ed44724e52549d50d2762c9e2767578920eac"
  version = "v0.0.1"

[[projects]]
  digest = "1:beed9378ca510cac778ec16a933fb35231fbd1c3b9e60a1d7e8a0a16a53debe0"
  name = "git-devops.totvs.com.br/ascenty/moirai-http-client"
  packages = [
    "clients",
    "clients/base",
    "clients/organization",
    "clients/restful",
    "clients/rubrik",
    "config",
    "errors",
    "handlers",
  ]
  pruneopts = "UT"
  revision = "d382d789940510122b5cd1d1b2e589d839151c73"
  version = "v0.0.1"

[[projects]]
  digest = "1:32f059581530ecd49cac5105c44dde405fbf1513c6ab7b75be8f1114fb2c3f64"
  name = "git-devops.totvs.com.br/intera/dbaas"
  packages = ["."]
  pruneopts = "UT"
  revision = "51bc733ecbab02e440ae255bc6c6dddb573ad714"
  version = "v0.0.2"

[[projects]]
  digest = "1:b6f782ba8bcb8845228aabb7c9e71f13b8fd51eff672b96abfba4faa7d2486cc"
  name = "git-devops.totvs.com.br/intera/httpRequestClient"
  packages = ["."]
  pruneopts = "UT"
  revision = "861a37934ccbc759fa9184facf04a45034f696fd"
  version = "v0.0.4"

[[projects]]
  digest = "1:e7fba6017a3625db2f3d8d03b4c7fdbff7363473d36cb7b125aca941ccc74a94"
  name = "git-devops.totvs.com.br/intera/rubrik-golang"
  packages = ["."]
  pruneopts = "UT"
  revision = "30f71ffaadc78b985bd485226effe07d3543a6cf"
  version = "v0.0.9"

[[projects]]
  digest = "1:9f3b30d9f8e0d7040f729b82dcbc8f0dead820a133b3147ce355fc451f32d761"
  name = "github.com/BurntSushi/toml"
  packages = ["."]
  pruneopts = "UT"
  revision = "3012a1dbe2e4bd1391d42b32f0577cb7bbc7f005"
  version = "v0.3.1"

[[projects]]
  digest = "1:bcf36df8d43860bfde913d008301aef27c6e9a303582118a837c4a34c0d18167"
  name = "github.com/coreos/go-systemd"
  packages = ["journal"]
  pruneopts = "UT"
  revision = "2d78030078ef61b3cae27f42ad6d0e46db51b339"
  version = "v22.0.0"

[[projects]]
  digest = "1:39ff4d4d6baca1ac63c6a03404b761d664be14a71bb5a4aca8fef643d0f66fef"
  name = "github.com/coreos/pkg"
  packages = ["capnslog"]
  pruneopts = "UT"
  revision = "97fdf19511ea361ae1c100dd393cc47f8dcfa1e1"
  version = "v4"

[[projects]]
  branch = "master"
  digest = "1:c3350d654d335f3bd199e44805f79da6d5a29b254a3457b83ac399210824c89b"
  name = "github.com/erikstmartin/go-testdb"
  packages = ["."]
  pruneopts = "UT"
  revision = "8d10e4a1bae52cd8b81ffdec3445890d6dccab3d"

[[projects]]
  digest = "1:b46f50677ef33284ebde2b285a42b707ff9e1de1f37328d91869859c929ebbd2"
  name = "github.com/go-redis/redis"
  packages = [
    ".",
    "internal",
    "internal/consistenthash",
    "internal/hashtag",
    "internal/pool",
    "internal/proto",
    "internal/util",
  ]
  pruneopts = "UT"
  revision = "7f69d5e32072d151eb6936cbe2306413e8117488"
  version = "v6.15.6"

[[projects]]
  digest = "1:a3af33fd30536d9c5a7b6ad542390919e57c1125097a194c7b3d9904109a0611"
  name = "github.com/go-sql-driver/mysql"
  packages = ["."]
  pruneopts = "UT"
  revision = "17ef3dd9d98b69acec3e85878995ada9533a9370"
  version = "v1.5.0"

[[projects]]
  digest = "1:e20a9d6598878d629e04541d96076bf232c1ee36f6b267c4a5dae7779f15c36a"
  name = "github.com/gogo/protobuf"
  packages = [
    "gogoproto",
    "proto",
    "protoc-gen-gogo/descriptor",
  ]
  pruneopts = "UT"
  revision = "5628607bb4c51c3157aacc3a50f0ab707582b805"
  version = "v1.3.1"

[[projects]]
  digest = "1:f5ce1529abc1204444ec73779f44f94e2fa8fcdb7aca3c355b0c95947e4005c6"
  name = "github.com/golang/protobuf"
  packages = [
    "proto",
    "ptypes",
    "ptypes/any",
    "ptypes/duration",
    "ptypes/timestamp",
  ]
  pruneopts = "UT"
  revision = "6c65a5562fc06764971b7c5d05c76c75e84bdbf7"
  version = "v1.3.2"

[[projects]]
  digest = "1:582b704bebaa06b48c29b0cec224a6058a09c86883aaddabde889cd1a5f73e1b"
  name = "github.com/google/uuid"
  packages = ["."]
  pruneopts = "UT"
  revision = "0cd6bf5da1e1c83f8b45653022c74f71af0538a4"
  version = "v1.1.1"

[[projects]]
  digest = "1:1474777fcd22636dda699562076f083bfc22ca2d2121bdfd3bf21a1ef0239fe7"
  name = "github.com/jinzhu/gorm"
  packages = ["."]
  pruneopts = "UT"
  revision = "79a77d771dee4e4b60e9c543e8663bbc80466670"
  version = "v1.9.12"

[[projects]]
  digest = "1:01ed62f8f4f574d8aff1d88caee113700a2b44c42351943fa73cc1808f736a50"
  name = "github.com/jinzhu/inflection"
  packages = ["."]
  pruneopts = "UT"
  revision = "f5c5f50e6090ae76a29240b61ae2a90dd810112e"
  version = "v1.0.0"

[[projects]]
  digest = "1:31e761d97c76151dde79e9d28964a812c46efc5baee4085b86f68f0c654450de"
  name = "github.com/konsorten/go-windows-terminal-sequences"
  packages = ["."]
  pruneopts = "UT"
  revision = "f55edac94c9bbba5d6182a4be46d86a2c9b5b50e"
  version = "v1.0.2"

[[projects]]
  digest = "1:7c56e4e9c4d34167c30636d4b22ac2316d74ce1d14a78bc7a828f03603d410f3"
  name = "github.com/parnurzeal/gorequest"
  packages = ["."]
  pruneopts = "UT"
  revision = "b735e503d8bf955a72baf89723cdb50ab0bd668c"
  version = "v0.2.16"

[[projects]]
  digest = "1:9e1d37b58d17113ec3cb5608ac0382313c5b59470b94ed97d0976e69c7022314"
  name = "github.com/pkg/errors"
  packages = ["."]
  pruneopts = "UT"
  revision = "614d223910a179a466c1767a985424175c39b465"
  version = "v0.9.1"

[[projects]]
  digest = "1:274f67cb6fed9588ea2521ecdac05a6d62a8c51c074c1fccc6a49a40ba80e925"
  name = "github.com/satori/go.uuid"
  packages = ["."]
  pruneopts = "UT"
  revision = "f58768cc1a7a7e77a3bd49e98cdd21419399b6a3"
  version = "v1.2.0"

[[projects]]
  digest = "1:0a406a3f53396d476d8673920e58a1100ed706e3e6666a0355e6d32cb3430651"
  name = "github.com/sirupsen/logrus"
  packages = [
    ".",
    "hooks/syslog",
  ]
  pruneopts = "UT"
  revision = "839c75faf7f98a33d445d181f3018b5c3409a45e"
  version = "v1.4.2"

[[projects]]
  digest = "1:cbe898ed5fbb765e75e741c1fb0f2b593a7e60b031ba781bed58ce02c42b437c"
  name = "github.com/streadway/amqp"
  packages = ["."]
  pruneopts = "UT"
  revision = "0e21704c3808b805ce3d6fbaf0943fceb1ba2855"

[[projects]]
  branch = "master"
  digest = "1:b873e75343008e37f0441429e1591ae469a1f3e50fc28d09604adea2226fd75b"
  name = "github.com/vmware/go-vmware-nsxt"
  packages = [
    ".",
    "aaa",
    "administration",
    "aggregation",
    "apiservice",
    "appdiscovery",
    "association",
    "common",
    "errorresolver",
    "licensing",
    "loadbalancer",
    "manager",
    "monitoring",
    "normalization",
    "policy",
    "trust",
    "upgrade",
  ]
  pruneopts = "UT"
  revision = "33a5af043f2eff66abb2a3caf98cdc4b6f79c6d9"

[[projects]]
  digest = "1:5dd0ac24b510dea648c399458fbcfe12ef6bd416d5eea07ac28c2653feec1513"
  name = "go.etcd.io/etcd"
  packages = [
    "auth/authpb",
    "clientv3",
    "clientv3/balancer",
    "clientv3/balancer/connectivity",
    "clientv3/balancer/picker",
    "clientv3/balancer/resolver/endpoint",
    "clientv3/credentials",
    "etcdserver/api/v3rpc/rpctypes",
    "etcdserver/etcdserverpb",
    "mvcc/mvccpb",
    "pkg/logutil",
    "pkg/systemd",
    "pkg/types",
    "raft",
    "raft/confchange",
    "raft/quorum",
    "raft/raftpb",
    "raft/tracker",
  ]
  pruneopts = "UT"
  revision = "3cf2f69b5738fb702ba1a935590f36b52b18979b"
  version = "v3.4.3"

[[projects]]
  digest = "1:c708d00d1097e62bf4f3a72f239efa7dafc257581421b0b7d3789e1ff5299f30"
  name = "go.uber.org/atomic"
  packages = ["."]
  pruneopts = "UT"
  revision = "40ae6a40a970ef4cdbffa7b24b280e316db8accc"
  version = "v1.5.1"

[[projects]]
  digest = "1:e6d88834deb4e35eb998c74f4d042db6ccecaaf62c0f6d57905852800994af00"
  name = "go.uber.org/multierr"
  packages = ["."]
  pruneopts = "UT"
  revision = "824d08f79702fe5f54aca8400aa0d754318786e7"
  version = "v1.4.0"

[[projects]]
  branch = "master"
  digest = "1:3032e90a153750ea149f68bf081f97ca738f041fba45c41c80737f572ffdf2f4"
  name = "go.uber.org/tools"
  packages = ["update-license"]
  pruneopts = "UT"
  revision = "2cfd321de3ee5d5f8a5fda2521d1703478334d98"

[[projects]]
  digest = "1:260048b6193e304ee294452a9e3410c474e3ce187248c7e2e4a2631207386f74"
  name = "go.uber.org/zap"
  packages = [
    ".",
    "buffer",
    "internal/bufferpool",
    "internal/color",
    "internal/exit",
    "zapcore",
  ]
  pruneopts = "UT"
  revision = "33e58d4d0120aa28d4df84cd244838c490846c9d"
  version = "v1.13.0"

[[projects]]
  branch = "master"
  digest = "1:334b27eac455cb6567ea28cd424230b07b1a64334a2f861a8075ac26ce10af43"
  name = "golang.org/x/lint"
  packages = [
    ".",
    "golint",
  ]
  pruneopts = "UT"
  revision = "fdd1cda4f05fd1fd86124f0ef9ce31a0b72c8448"

[[projects]]
  branch = "release-branch.go1.10"
  digest = "1:efb1c4b4957512c21681615a2208d979ac720831e88ccd1817722efa8a41d63d"
  name = "golang.org/x/net"
  packages = [
    "context",
    "context/ctxhttp",
    "http2",
    "http2/hpack",
    "idna",
    "internal/timeseries",
    "lex/httplex",
    "publicsuffix",
    "trace",
  ]
  pruneopts = "UT"
  revision = "0ed95abb35c445290478a5348a7b38bb154135fd"

[[projects]]
  branch = "master"
  digest = "1:911b45b658f5fab1a26259e2fd1085ab296f9d3e46117311d25f8dae51efe720"
  name = "golang.org/x/oauth2"
  packages = [
    ".",
    "internal",
  ]
  pruneopts = "UT"
  revision = "bf48bf16ab8d622ce64ec6ce98d2c98f916b6303"

[[projects]]
  branch = "release-branch.go1.11"
  digest = "1:33a43cb31975899cfcd81600d1390467db1778ae87102f80668a753fed8c663e"
  name = "golang.org/x/sys"
  packages = ["unix"]
  pruneopts = "UT"
  revision = "98c5dad5d1a0e8a73845ecc8897d0bd56586511d"

[[projects]]
  digest = "1:8d8faad6b12a3a4c819a3f9618cb6ee1fa1cfc33253abeeea8b55336721e3405"
  name = "golang.org/x/text"
  packages = [
    "collate",
    "collate/build",
    "internal/colltab",
    "internal/gen",
    "internal/language",
    "internal/language/compact",
    "internal/tag",
    "internal/triegen",
    "internal/ucd",
    "language",
    "secure/bidirule",
    "transform",
    "unicode/bidi",
    "unicode/cldr",
    "unicode/norm",
    "unicode/rangetable",
  ]
  pruneopts = "UT"
  revision = "342b2e1fbaa52c93f31447ad2c6abc048c63e475"
  version = "v0.3.2"

[[projects]]
  branch = "gopls-release-branch.0.1"
  digest = "1:e38cf64d6837c3ab05c0100c9e9613bb4bedc8964691d0ba406c238d7923f91a"
  name = "golang.org/x/tools"
  packages = [
    "go/analysis",
    "go/analysis/passes/inspect",
    "go/ast/astutil",
    "go/ast/inspector",
    "go/buildutil",
    "go/gcexportdata",
    "go/internal/gcimporter",
    "go/internal/packagesdriver",
    "go/packages",
    "go/types/objectpath",
    "go/types/typeutil",
    "internal/fastwalk",
    "internal/gopathwalk",
    "internal/semver",
  ]
  pruneopts = "UT"
  revision = "5a1a302198881c976ade6ce691ceeea5c0702b2d"

[[projects]]
  digest = "1:e0a1881f9e0564bebdeac98c75e59f07acdde6ed3a5396e0e613eaad31194866"
  name = "google.golang.org/appengine"
  packages = [
    "internal",
    "internal/base",
    "internal/datastore",
    "internal/log",
    "internal/remote_api",
    "internal/urlfetch",
    "urlfetch",
  ]
  pruneopts = "UT"
  revision = "971852bfffca25b069c31162ae8f247a3dba083b"
  version = "v1.6.5"

[[projects]]
  branch = "master"
  digest = "1:0c679e19d1865dd65e7ec400bf9562d8f161cf59c4f74c0bb50f365fc9fb19eb"
  name = "google.golang.org/genproto"
  packages = ["googleapis/rpc/status"]
  pruneopts = "UT"
  revision = "0452cf42e150a6aeb2c8615de02e260ae83d9873"

[[projects]]
  digest = "1:7bc116a2ccc363ff2d7df0d4fc3211254366dc4792d14685b0b4980becbed2f5"
  name = "google.golang.org/grpc"
  packages = [
    ".",
    "attributes",
    "backoff",
    "balancer",
    "balancer/base",
    "balancer/roundrobin",
    "binarylog/grpc_binarylog_v1",
    "codes",
    "connectivity",
    "credentials",
    "credentials/internal",
    "encoding",
    "encoding/proto",
    "grpclog",
    "internal",
    "internal/backoff",
    "internal/balancerload",
    "internal/binarylog",
    "internal/buffer",
    "internal/channelz",
    "internal/envconfig",
    "internal/grpcrand",
    "internal/grpcsync",
    "internal/resolver/dns",
    "internal/resolver/passthrough",
    "internal/syscall",
    "internal/transport",
    "keepalive",
    "metadata",
    "naming",
    "peer",
    "resolver",
    "resolver/dns",
    "resolver/passthrough",
    "serviceconfig",
    "stats",
    "status",
    "tap",
  ]
  pruneopts = "UT"
  revision = "f5b0812e6fe574d90da76b205e9eb51f6ddb1919"
  version = "v1.26.0"

[[projects]]
  digest = "1:131158a88aad1f94854d0aa21a64af2802d0a470fb0f01cb33c04fafd2047111"
  name = "honnef.co/go/tools"
  packages = [
    "arg",
    "cmd/staticcheck",
    "config",
    "deprecated",
    "facts",
    "functions",
    "go/types/typeutil",
    "internal/cache",
    "internal/passes/buildssa",
    "internal/renameio",
    "internal/sharedcheck",
    "lint",
    "lint/lintdsl",
    "lint/lintutil",
    "lint/lintutil/format",
    "loader",
    "printf",
    "simple",
    "ssa",
    "ssautil",
    "staticcheck",
    "staticcheck/vrp",
    "stylecheck",
    "unused",
    "version",
  ]
  pruneopts = "UT"
  revision = "afd67930eec2a9ed3e9b19f684d17a062285f16a"
  version = "2019.2.3"

[[projects]]
  digest = "1:dcf3f88f6708650807512eef67b77f7547f992475df5ae6534eeec778cf9744b"
  name = "moul.io/http2curl"
  packages = ["."]
  pruneopts = "UT"
  revision = "5cd742060b0e0de91f875277b77dd7d7e68b23ca"
  version = "v2"

[solve-meta]
  analyzer-name = "dep"
  analyzer-version = 1
  input-imports = [
    "git-devops.totvs.com.br/ascenty/go-cache",
    "git-devops.totvs.com.br/ascenty/go-cache/redis",
    "git-devops.totvs.com.br/ascenty/go-etcd",
    "git-devops.totvs.com.br/ascenty/go-log",
    "git-devops.totvs.com.br/ascenty/go-singleton",
    "git-devops.totvs.com.br/ascenty/johdin",
    "git-devops.totvs.com.br/ascenty/moirai-http-client/clients",
    "git-devops.totvs.com.br/ascenty/moirai-http-client/config",
    "git-devops.totvs.com.br/intera/dbaas",
    "git-devops.totvs.com.br/intera/rubrik-golang",
    "github.com/erikstmartin/go-testdb",
    "github.com/go-sql-driver/mysql",
    "github.com/jinzhu/gorm",
    "github.com/satori/go.uuid",
    "github.com/streadway/amqp",
    "github.com/vmware/go-vmware-nsxt",
    "golang.org/x/net/context",
  ]
  solver-name = "gps-cdcl"
  solver-version = 1
